
Microsoft Visual Studio Solution File, Format Version 12.00
# Visual Studio Version 16
VisualStudioVersion = 16.0.30413.136
MinimumVisualStudioVersion = 10.0.40219.1
Project("{FAE04EC0-301F-11D3-BF4B-00C04F79EFBC}") = "CC01.BO", "CC01.BO\CC01.BO.csproj", "{C9DD2758-A0CF-4C93-B0BB-8C4F0566AA35}"
EndProject
Project("{FAE04EC0-301F-11D3-BF4B-00C04F79EFBC}") = "CC01.DAL", "CC01.DAL\CC01.DAL.csproj", "{CD54FB3A-297B-4CED-9B31-35F56AA6D314}"
EndProject
Project("{FAE04EC0-301F-11D3-BF4B-00C04F79EFBC}") = "CC01.BLL", "CC01.BLL\CC01.BLL.csproj", "{8AB04322-0CA1-4B3D-82CF-213ABD3DD70C}"
EndProject
Project("{FAE04EC0-301F-11D3-BF4B-00C04F79EFBC}") = "CC01.WinForm", "WinFormsApp01\CC01.WinForm.csproj", "{E3ABAC37-1BF2-4FCE-BFDF-49A33F79F57C}"
EndProject
Global
	GlobalSection(SolutionConfigurationPlatforms) = preSolution
		Debug|Any CPU = Debug|Any CPU
		Release|Any CPU = Release|Any CPU
	EndGlobalSection
	GlobalSection(ProjectConfigurationPlatforms) = postSolution
		{C9DD2758-A0CF-4C93-B0BB-8C4F0566AA35}.Debug|Any CPU.ActiveCfg = Debug|Any CPU
		{C9DD2758-A0CF-4C93-B0BB-8C4F0566AA35}.Debug|Any CPU.Build.0 = Debug|Any CPU
		{C9DD2758-A0CF-4C93-B0BB-8C4F0566AA35}.Release|Any CPU.ActiveCfg = Release|Any CPU
		{C9DD2758-A0CF-4C93-B0BB-8C4F0566AA35}.Release|Any CPU.Build.0 = Release|Any CPU
		{CD54FB3A-297B-4CED-9B31-35F56AA6D314}.Debug|Any CPU.ActiveCfg = Debug|Any CPU
		{CD54FB3A-297B-4CED-9B31-35F56AA6D314}.Debug|Any CPU.Build.0 = Debug|Any CPU
		{CD54FB3A-297B-4CED-9B31-35F56AA6D314}.Release|Any CPU.ActiveCfg = Release|Any CPU
		{CD54FB3A-297B-4CED-9B31-35F56AA6D314}.Release|Any CPU.Build.0 = Release|Any CPU
		{8AB04322-0CA1-4B3D-82CF-213ABD3DD70C}.Debug|Any CPU.ActiveCfg = Debug|Any CPU
		{8AB04322-0CA1-4B3D-82CF-213ABD3DD70C}.Debug|Any CPU.Build.0 = Debug|Any CPU
		{8AB04322-0CA1-4B3D-82CF-213ABD3DD70C}.Release|Any CPU.ActiveCfg = Release|Any CPU
		{8AB04322-0CA1-4B3D-82CF-213ABD3DD70C}.Release|Any CPU.Build.0 = Release|Any CPU
		{E3ABAC37-1BF2-4FCE-BFDF-49A33F79F57C}.Debug|Any CPU.ActiveCfg = Debug|Any CPU
		{E3ABAC37-1BF2-4FCE-BFDF-49A33F79F57C}.Debug|Any CPU.Build.0 = Debug|Any CPU
		{E3ABAC37-1BF2-4FCE-BFDF-49A33F79F57C}.Release|Any CPU.ActiveCfg = Release|Any CPU
		{E3ABAC37-1BF2-4FCE-BFDF-49A33F79F57C}.Release|Any CPU.Build.0 = Release|Any CPU
	EndGlobalSection
	GlobalSection(SolutionProperties) = preSolution
		HideSolutionNode = FALSE
	EndGlobalSection
	GlobalSection(ExtensibilityGlobals) = postSolution
		SolutionGuid = {29976AC9-512A-4C17-B591-ABFD805CB488}
	EndGlobalSection
EndGlobal
